<Solution>
  <Folder Name="/src/">
    <Project Path="src/GqlGateway.Api/GqlGateway.Api.csproj" />
    <Project Path="src/GqlGateway.Application/GqlGateway.Application.csproj" />
    <Project Path="src/GqlGateway.Domain/GqlGateway.Domain.csproj" />
    <Project Path="src/GqlGateway.GraphQL/GqlGateway.GraphQL.csproj" />
    <Project Path="src/GqlGateway.Infrastructure/GqlGateway.Infrastructure.csproj" />
  </Folder>
  <Folder Name="/benchmarks/">
    <Project Path="benchmarks/GqlGateway.Benchmarks/GqlGateway.Benchmarks.csproj" />
  </Folder>
  <Folder Name="/tests/">
    <Project Path="tests/GqlGateway.Tests.Architecture/GqlGateway.Tests.Architecture.csproj" />
    <Project Path="tests/GqlGateway.Tests.Integration/GqlGateway.Tests.Integration.csproj" />
    <Project Path="tests/GqlGateway.Tests.Unit/GqlGateway.Tests.Unit.csproj" />
  </Folder>
</Solution>
